
Microsoft Visual Studio Solution File, Format Version 12.00
# Visual Studio 15
VisualStudioVersion = 15.0.27130.2027
MinimumVisualStudioVersion = 10.0.40219.1
Project("{9A19103F-16F7-4668-BE54-9A1E7A4F7556}") = "blogMVC_FS", "blogMVC_FS\blogMVC_FS.csproj", "{66E2D20B-42E2-4A03-8802-99B5216EFF67}"
EndProject
Project("{9A19103F-16F7-4668-BE54-9A1E7A4F7556}") = "ApplicationCore", "ApplicationCore\ApplicationCore.csproj", "{581E48A9-BBCE-451E-97E7-0F870ABE4AF7}"
EndProject
Project("{9A19103F-16F7-4668-BE54-9A1E7A4F7556}") = "Infrastructure", "Infrastructure\Infrastructure.csproj", "{E558129A-4CAC-48C8-9DE1-B43039718796}"
EndProject
Project("{FAE04EC0-301F-11D3-BF4B-00C04F79EFBC}") = "ConvertFStoDB", "ConvertFStoDB\ConvertFStoDB.csproj", "{676F9A19-9F2B-46BE-BC2C-AAFAEEA52C91}"
EndProject
Global
	GlobalSection(SolutionConfigurationPlatforms) = preSolution
		Debug|Any CPU = Debug|Any CPU
		Release|Any CPU = Release|Any CPU
	EndGlobalSection
	GlobalSection(ProjectConfigurationPlatforms) = postSolution
		{66E2D20B-42E2-4A03-8802-99B5216EFF67}.Debug|Any CPU.ActiveCfg = Debug|Any CPU
		{66E2D20B-42E2-4A03-8802-99B5216EFF67}.Debug|Any CPU.Build.0 = Debug|Any CPU
		{66E2D20B-42E2-4A03-8802-99B5216EFF67}.Release|Any CPU.ActiveCfg = Release|Any CPU
		{66E2D20B-42E2-4A03-8802-99B5216EFF67}.Release|Any CPU.Build.0 = Release|Any CPU
		{581E48A9-BBCE-451E-97E7-0F870ABE4AF7}.Debug|Any CPU.ActiveCfg = Debug|Any CPU
		{581E48A9-BBCE-451E-97E7-0F870ABE4AF7}.Debug|Any CPU.Build.0 = Debug|Any CPU
		{581E48A9-BBCE-451E-97E7-0F870ABE4AF7}.Release|Any CPU.ActiveCfg = Release|Any CPU
		{581E48A9-BBCE-451E-97E7-0F870ABE4AF7}.Release|Any CPU.Build.0 = Release|Any CPU
		{E558129A-4CAC-48C8-9DE1-B43039718796}.Debug|Any CPU.ActiveCfg = Debug|Any CPU
		{E558129A-4CAC-48C8-9DE1-B43039718796}.Debug|Any CPU.Build.0 = Debug|Any CPU
		{E558129A-4CAC-48C8-9DE1-B43039718796}.Release|Any CPU.ActiveCfg = Release|Any CPU
		{E558129A-4CAC-48C8-9DE1-B43039718796}.Release|Any CPU.Build.0 = Release|Any CPU
		{676F9A19-9F2B-46BE-BC2C-AAFAEEA52C91}.Debug|Any CPU.ActiveCfg = Debug|Any CPU
		{676F9A19-9F2B-46BE-BC2C-AAFAEEA52C91}.Debug|Any CPU.Build.0 = Debug|Any CPU
		{676F9A19-9F2B-46BE-BC2C-AAFAEEA52C91}.Release|Any CPU.ActiveCfg = Release|Any CPU
		{676F9A19-9F2B-46BE-BC2C-AAFAEEA52C91}.Release|Any CPU.Build.0 = Release|Any CPU
	EndGlobalSection
	GlobalSection(SolutionProperties) = preSolution
		HideSolutionNode = FALSE
	EndGlobalSection
	GlobalSection(ExtensibilityGlobals) = postSolution
		SolutionGuid = {00C0160F-6A27-4CB3-B1FE-A39B76BB2AE9}
	EndGlobalSection
EndGlobal
